
Microsoft Visual Studio Solution File, Format Version 12.00
# Visual Studio Version 16
VisualStudioVersion = 16.0.30907.101
MinimumVisualStudioVersion = 10.0.40219.1
Project("{FAE04EC0-301F-11D3-BF4B-00C04F79EFBC}") = "MyBook", "MyBook.csproj", "{9C5AE51A-E0E3-440D-9989-1FEB769E16A6}"
EndProject
Global
	GlobalSection(SolutionConfigurationPlatforms) = preSolution
		Debug|Any CPU = Debug|Any CPU
		Release|Any CPU = Release|Any CPU
	EndGlobalSection
	GlobalSection(ProjectConfigurationPlatforms) = postSolution
		{9C5AE51A-E0E3-440D-9989-1FEB769E16A6}.Debug|Any CPU.ActiveCfg = Debug|Any CPU
		{9C5AE51A-E0E3-440D-9989-1FEB769E16A6}.Debug|Any CPU.Build.0 = Debug|Any CPU
		{9C5AE51A-E0E3-440D-9989-1FEB769E16A6}.Release|Any CPU.ActiveCfg = Release|Any CPU
		{9C5AE51A-E0E3-440D-9989-1FEB769E16A6}.Release|Any CPU.Build.0 = Release|Any CPU
	EndGlobalSection
	GlobalSection(SolutionProperties) = preSolution
		HideSolutionNode = FALSE
	EndGlobalSection
	GlobalSection(ExtensibilityGlobals) = postSolution
		SolutionGuid = {EF649539-4E5E-4466-9FD8-F8FE16E893AA}
	EndGlobalSection
EndGlobal
